<?xml version="1.0" encoding="utf-8"?>
<Project ToolsVersion="4.0" xmlns="http://schemas.microsoft.com/developer/msbuild/2003">
  <ItemGroup>
    <Filter Include="Header Files">
      <UniqueIdentifier>{93995380-89BD-4b04-88EB-625FBE52EBFB}</UniqueIdentifier>
      <Extensions>h;hpp;hxx;hm;inl;inc;xsd</Extensions>
    </Filter>
    <Filter Include="Resource Files">
      <UniqueIdentifier>{67DA6AB6-F800-4c08-8B7A-83BB121AAD01}</UniqueIdentifier>
      <Extensions>rc;ico;cur;bmp;dlg;rc2;rct;bin;rgs;gif;jpg;jpeg;jpe;resx;tiff;tif;png;wav;mfcribbon-ms</Extensions>
    </Filter>
    <Filter Include="Source Files">
      <UniqueIdentifier>{4FC737F1-C7A5-4376-A066-2A32D752A2FF}</UniqueIdentifier>
      <Extensions>cpp;c;cc;cxx;def;odl;idl;hpj;bat;asm;asmx</Extensions>
    </Filter>
    <Filter Include="Source Files\ast">
      <UniqueIdentifier>{9cef709a-47f3-4db9-aae0-cf8f05ac18ea}</UniqueIdentifier>
    </Filter>
    <Filter Include="Source Files\cst">
      <UniqueIdentifier>{c8833e87-de38-487c-84ed-bf8f407f4f1c}</UniqueIdentifier>
    </Filter>
    <Filter Include="Source Files\err">
      <UniqueIdentifier>{27d99d8c-5905-452c-8b63-3f51b0a7621c}</UniqueIdentifier>
    </Filter>
    <Filter Include="Source Files\test">
      <UniqueIdentifier>{a4c951f3-9bdf-4689-8b5d-0d7238d28571}</UniqueIdentifier>
    </Filter>
    <Filter Include="Source Files\vm">
      <UniqueIdentifier>{78f7645b-8db3-4e16-a99f-02ea2f9a5650}</UniqueIdentifier>
    </Filter>
  </ItemGroup>
  <ItemGroup>
    <ClInclude Include="..\sl_ut\tut_color_console_reporter.hpp">
      <Filter>Header Files</Filter>
    </ClInclude>
  </ItemGroup>
  <ItemGroup>
    <ClCompile Include="..\sl_ut\ErrorLogger_ut.cpp">
      <Filter>Source Files</Filter>
    </ClCompile>
    <ClCompile Include="..\sl_ut\FilePosition_ut.cpp">
      <Filter>Source Files</Filter>
    </ClCompile>
    <ClCompile Include="..\sl_ut\main.cpp">
      <Filter>Source Files</Filter>
    </ClCompile>
    <ClCompile Include="..\sl_ut\parseModules_ut.cpp">
      <Filter>Source Files</Filter>
    </ClCompile>
    <ClCompile Include="..\sl_ut\sha1_ut.cpp">
      <Filter>Source Files</Filter>
    </ClCompile>
    <ClCompile Include="..\sl_ut\ast\Constant_ut.cpp">
      <Filter>Source Files\ast</Filter>
    </ClCompile>
    <ClCompile Include="..\sl_ut\ast\FunctionTable_ut.cpp">
      <Filter>Source Files\ast</Filter>
    </ClCompile>
    <ClCompile Include="..\sl_ut\ast\Variable_ut.cpp">
      <Filter>Source Files\ast</Filter>
    </ClCompile>
    <ClCompile Include="..\sl_ut\err\Message_ut.cpp">
      <Filter>Source Files\err</Filter>
    </ClCompile>
    <ClCompile Include="..\sl_ut\vm\CodeGenerator_ut.cpp">
      <Filter>Source Files\vm</Filter>
    </ClCompile>
    <ClCompile Include="..\sl_ut\vm\Environment_ut.cpp">
      <Filter>Source Files\vm</Filter>
    </ClCompile>
    <ClCompile Include="..\sl_ut\vm\StdStreamIO_ut.cpp">
      <Filter>Source Files\vm</Filter>
    </ClCompile>
    <ClCompile Include="..\sl_ut\test\TestSuiteBase_ut.cpp">
      <Filter>Source Files\test</Filter>
    </ClCompile>
    <ClCompile Include="..\sl_ut\test\ValueList_ut.cpp">
      <Filter>Source Files\test</Filter>
    </ClCompile>
    <ClCompile Include="..\sl_ut\test\ValueStream_ut.cpp">
      <Filter>Source Files\test</Filter>
    </ClCompile>
    <ClCompile Include="..\sl_ut\test\ValueStreamIO_ut.cpp">
      <Filter>Source Files\test</Filter>
    </ClCompile>
    <ClCompile Include="..\sl_ut\parseFile_ut.cpp">
      <Filter>Source Files</Filter>
    </ClCompile>
    <ClCompile Include="..\sl_ut\ast\VariableDecl_ut.cpp">
      <Filter>Source Files\ast</Filter>
    </ClCompile>
  </ItemGroup>
</Project>